
Microsoft Visual Studio Solution File, Format Version 12.00
# Visual Studio Version 17
VisualStudioVersion = 17.5.33530.505
MinimumVisualStudioVersion = 10.0.40219.1
Project("{9A19103F-16F7-4668-BE54-9A1E7A4F7556}") = "Jot.Tests", "tests\Jot.Tests\Jot.Tests.csproj", "{7F1B5557-E5BC-4D60-B434-3253679C6F06}"
EndProject
Project("{9A19103F-16F7-4668-BE54-9A1E7A4F7556}") = "Jot", "src\Jot.Host\Jot.csproj", "{79A3D8E3-096E-460B-9D9B-DD457D0B8880}"
EndProject
Global
	GlobalSection(SolutionConfigurationPlatforms) = preSolution
		Debug|Any CPU = Debug|Any CPU
		Release|Any CPU = Release|Any CPU
	EndGlobalSection
	GlobalSection(ProjectConfigurationPlatforms) = postSolution
		{7F1B5557-E5BC-4D60-B434-3253679C6F06}.Debug|Any CPU.ActiveCfg = Debug|Any CPU
		{7F1B5557-E5BC-4D60-B434-3253679C6F06}.Debug|Any CPU.Build.0 = Debug|Any CPU
		{7F1B5557-E5BC-4D60-B434-3253679C6F06}.Release|Any CPU.ActiveCfg = Release|Any CPU
		{7F1B5557-E5BC-4D60-B434-3253679C6F06}.Release|Any CPU.Build.0 = Release|Any CPU
		{79A3D8E3-096E-460B-9D9B-DD457D0B8880}.Debug|Any CPU.ActiveCfg = Debug|Any CPU
		{79A3D8E3-096E-460B-9D9B-DD457D0B8880}.Debug|Any CPU.Build.0 = Debug|Any CPU
		{79A3D8E3-096E-460B-9D9B-DD457D0B8880}.Release|Any CPU.ActiveCfg = Release|Any CPU
		{79A3D8E3-096E-460B-9D9B-DD457D0B8880}.Release|Any CPU.Build.0 = Release|Any CPU
	EndGlobalSection
	GlobalSection(SolutionProperties) = preSolution
		HideSolutionNode = FALSE
	EndGlobalSection
	GlobalSection(ExtensibilityGlobals) = postSolution
		SolutionGuid = {F74EB267-38D8-468C-85E0-F8818B3877EE}
	EndGlobalSection
EndGlobal
